
Microsoft Visual Studio Solution File, Format Version 12.00
# Visual Studio 15
VisualStudioVersion = 15.0.28307.421
MinimumVisualStudioVersion = 10.0.40219.1
Project("{9A19103F-16F7-4668-BE54-9A1E7A4F7556}") = "TwoCardPoker", "TwoCardPoker\TwoCardPoker.csproj", "{270D3F77-F878-402A-9914-C5BA2B1E9282}"
EndProject
Project("{9A19103F-16F7-4668-BE54-9A1E7A4F7556}") = "TwoCardPokerTests", "TwoCardPokerTests\TwoCardPokerTests.csproj", "{A45FFC6F-BD43-4F78-B8F7-B1131B6B0962}"
EndProject
Project("{9A19103F-16F7-4668-BE54-9A1E7A4F7556}") = "UserInterface", "UI\UserInterface.csproj", "{1DA35EC3-F31D-445C-91DC-A4CF9071587B}"
EndProject
Project("{9A19103F-16F7-4668-BE54-9A1E7A4F7556}") = "Common", "Common\Common.csproj", "{990DC67C-3E94-4837-AE19-26FB879EF50A}"
EndProject
Project("{FAE04EC0-301F-11D3-BF4B-00C04F79EFBC}") = "UserInterfaceTests", "UserInterfaceTests\UserInterfaceTests.csproj", "{9A512205-E31A-47E8-8382-B08D05FABF64}"
EndProject
Global
	GlobalSection(SolutionConfigurationPlatforms) = preSolution
		Debug|Any CPU = Debug|Any CPU
		Release|Any CPU = Release|Any CPU
	EndGlobalSection
	GlobalSection(ProjectConfigurationPlatforms) = postSolution
		{270D3F77-F878-402A-9914-C5BA2B1E9282}.Debug|Any CPU.ActiveCfg = Debug|Any CPU
		{270D3F77-F878-402A-9914-C5BA2B1E9282}.Debug|Any CPU.Build.0 = Debug|Any CPU
		{270D3F77-F878-402A-9914-C5BA2B1E9282}.Release|Any CPU.ActiveCfg = Release|Any CPU
		{270D3F77-F878-402A-9914-C5BA2B1E9282}.Release|Any CPU.Build.0 = Release|Any CPU
		{A45FFC6F-BD43-4F78-B8F7-B1131B6B0962}.Debug|Any CPU.ActiveCfg = Debug|Any CPU
		{A45FFC6F-BD43-4F78-B8F7-B1131B6B0962}.Debug|Any CPU.Build.0 = Debug|Any CPU
		{A45FFC6F-BD43-4F78-B8F7-B1131B6B0962}.Release|Any CPU.ActiveCfg = Release|Any CPU
		{A45FFC6F-BD43-4F78-B8F7-B1131B6B0962}.Release|Any CPU.Build.0 = Release|Any CPU
		{1DA35EC3-F31D-445C-91DC-A4CF9071587B}.Debug|Any CPU.ActiveCfg = Debug|Any CPU
		{1DA35EC3-F31D-445C-91DC-A4CF9071587B}.Debug|Any CPU.Build.0 = Debug|Any CPU
		{1DA35EC3-F31D-445C-91DC-A4CF9071587B}.Release|Any CPU.ActiveCfg = Release|Any CPU
		{1DA35EC3-F31D-445C-91DC-A4CF9071587B}.Release|Any CPU.Build.0 = Release|Any CPU
		{990DC67C-3E94-4837-AE19-26FB879EF50A}.Debug|Any CPU.ActiveCfg = Debug|Any CPU
		{990DC67C-3E94-4837-AE19-26FB879EF50A}.Debug|Any CPU.Build.0 = Debug|Any CPU
		{990DC67C-3E94-4837-AE19-26FB879EF50A}.Release|Any CPU.ActiveCfg = Release|Any CPU
		{990DC67C-3E94-4837-AE19-26FB879EF50A}.Release|Any CPU.Build.0 = Release|Any CPU
		{9A512205-E31A-47E8-8382-B08D05FABF64}.Debug|Any CPU.ActiveCfg = Debug|Any CPU
		{9A512205-E31A-47E8-8382-B08D05FABF64}.Debug|Any CPU.Build.0 = Debug|Any CPU
		{9A512205-E31A-47E8-8382-B08D05FABF64}.Release|Any CPU.ActiveCfg = Release|Any CPU
		{9A512205-E31A-47E8-8382-B08D05FABF64}.Release|Any CPU.Build.0 = Release|Any CPU
	EndGlobalSection
	GlobalSection(SolutionProperties) = preSolution
		HideSolutionNode = FALSE
	EndGlobalSection
	GlobalSection(ExtensibilityGlobals) = postSolution
		SolutionGuid = {4A8F5A16-69C3-444B-970F-ADB0AB622921}
	EndGlobalSection
EndGlobal
